
Microsoft Visual Studio Solution File, Format Version 12.00
# Visual Studio Version 17
VisualStudioVersion = 17.6.33815.320
MinimumVisualStudioVersion = 10.0.40219.1
Project("{FAE04EC0-301F-11D3-BF4B-00C04F79EFBC}") = "assignment1", "assignment1\assignment1.csproj", "{96AB1333-3FBB-4AEE-AF3A-0DC5AD4FBAD4}"
EndProject
Global
	GlobalSection(SolutionConfigurationPlatforms) = preSolution
		Debug|Any CPU = Debug|Any CPU
		Release|Any CPU = Release|Any CPU
	EndGlobalSection
	GlobalSection(ProjectConfigurationPlatforms) = postSolution
		{96AB1333-3FBB-4AEE-AF3A-0DC5AD4FBAD4}.Debug|Any CPU.ActiveCfg = Debug|Any CPU
		{96AB1333-3FBB-4AEE-AF3A-0DC5AD4FBAD4}.Debug|Any CPU.Build.0 = Debug|Any CPU
		{96AB1333-3FBB-4AEE-AF3A-0DC5AD4FBAD4}.Release|Any CPU.ActiveCfg = Release|Any CPU
		{96AB1333-3FBB-4AEE-AF3A-0DC5AD4FBAD4}.Release|Any CPU.Build.0 = Release|Any CPU
	EndGlobalSection
	GlobalSection(SolutionProperties) = preSolution
		HideSolutionNode = FALSE
	EndGlobalSection
	GlobalSection(ExtensibilityGlobals) = postSolution
		SolutionGuid = {D1A5152D-DCCB-4B9E-95ED-D739B000DF10}
	EndGlobalSection
EndGlobal
